
Microsoft Visual Studio Solution File, Format Version 12.00
# Visual Studio Version 17
VisualStudioVersion = 17.5.001.0
MinimumVisualStudioVersion = 10.0.40219.1
Project("{9A19103F-16F7-4668-BE54-9A1E7A4F7556}") = "API", "API.csproj", "{C9E97F07-F7EB-484A-A5D7-24D39E5A4CEF}"
EndProject
Global
	GlobalSection(SolutionConfigurationPlatforms) = preSolution
		Debug|Any CPU = Debug|Any CPU
		Release|Any CPU = Release|Any CPU
	EndGlobalSection
	GlobalSection(ProjectConfigurationPlatforms) = postSolution
		{C9E97F07-F7EB-484A-A5D7-24D39E5A4CEF}.Debug|Any CPU.ActiveCfg = Debug|Any CPU
		{C9E97F07-F7EB-484A-A5D7-24D39E5A4CEF}.Debug|Any CPU.Build.0 = Debug|Any CPU
		{C9E97F07-F7EB-484A-A5D7-24D39E5A4CEF}.Release|Any CPU.ActiveCfg = Release|Any CPU
		{C9E97F07-F7EB-484A-A5D7-24D39E5A4CEF}.Release|Any CPU.Build.0 = Release|Any CPU
	EndGlobalSection
	GlobalSection(SolutionProperties) = preSolution
		HideSolutionNode = FALSE
	EndGlobalSection
	GlobalSection(ExtensibilityGlobals) = postSolution
		SolutionGuid = {F819A17C-6C1F-463F-BF1D-51A2294D36D0}
	EndGlobalSection
EndGlobal
